
Microsoft Visual Studio Solution File, Format Version 12.00
# Visual Studio Version 17
VisualStudioVersion = 17.11.35312.102
MinimumVisualStudioVersion = 10.0.40219.1
Project("{FAE04EC0-301F-11D3-BF4B-00C04F79EFBC}") = "Couple", "Couple\Couple.csproj", "{423CDB50-F123-4E29-869D-8BAB53970E28}"
EndProject
Global
	GlobalSection(SolutionConfigurationPlatforms) = preSolution
		Debug|Any CPU = Debug|Any CPU
		Release|Any CPU = Release|Any CPU
	EndGlobalSection
	GlobalSection(ProjectConfigurationPlatforms) = postSolution
		{423CDB50-F123-4E29-869D-8BAB53970E28}.Debug|Any CPU.ActiveCfg = Debug|Any CPU
		{423CDB50-F123-4E29-869D-8BAB53970E28}.Debug|Any CPU.Build.0 = Debug|Any CPU
		{423CDB50-F123-4E29-869D-8BAB53970E28}.Release|Any CPU.ActiveCfg = Release|Any CPU
		{423CDB50-F123-4E29-869D-8BAB53970E28}.Release|Any CPU.Build.0 = Release|Any CPU
	EndGlobalSection
	GlobalSection(SolutionProperties) = preSolution
		HideSolutionNode = FALSE
	EndGlobalSection
	GlobalSection(ExtensibilityGlobals) = postSolution
		SolutionGuid = {F8310628-1D18-4AEE-BC4C-232CD1AB6961}
	EndGlobalSection
EndGlobal
